# THIS IS AN AUTOGENERATED FILE. DO NOT EDIT THIS FILE DIRECTLY.
# yarn lockfile v1


"@types/node@*":
  version "22.7.7"
  resolved "https://registry.yarnpkg.com/@types/node/-/node-22.7.7.tgz#6cd9541c3dccb4f7e8b141b491443f4a1570e307"
  integrity sha512-SRxCrrg9CL/y54aiMCG3edPKdprgMVGDXjA3gB8UmmBW5TcXzRUYAh8EWzTnSJFAd1rgImPELza+A3bJ+qxz8Q==
  dependencies:
    undici-types "~6.19.2"

"@types/nodemailer@^6.4.16":
  version "6.4.16"
  resolved "https://registry.yarnpkg.com/@types/nodemailer/-/nodemailer-6.4.16.tgz#db006abcb1e1c8e6ea2fb53b27fefec3c03eaa6c"
  integrity sha512-uz6hN6Pp0upXMcilM61CoKyjT7sskBoOWpptkjjJp8jIMlTdc3xG01U7proKkXzruMS4hS0zqtHNkNPFB20rKQ==
  dependencies:
    "@types/node" "*"

nodemailer@^6.9.15:
  version "6.9.15"
  resolved "https://registry.yarnpkg.com/nodemailer/-/nodemailer-6.9.15.tgz#57b79dc522be27e0e47ac16cc860aa0673e62e04"
  integrity sha512-AHf04ySLC6CIfuRtRiEYtGEXgRfa6INgWGluDhnxTZhHSKvrBu7lc1VVchQ0d8nPc4cFaZoPq8vkyNoZr0TpGQ==

undici-types@~6.19.2:
  version "6.19.8"
  resolved "https://registry.yarnpkg.com/undici-types/-/undici-types-6.19.8.tgz#35111c9d1437ab83a7cdc0abae2f26d88eda0a02"
  integrity sha512-ve2KP6f/JnbPBFyobGHuerC9g1FYGn/F8n1LWTwNxCEzd6IfqTwUQcNXgEtmmQ6DlRrC1hrSrBnCZPokRrDHjw==
